
Microsoft Visual Studio Solution File, Format Version 12.00
# Visual Studio Version 17
VisualStudioVersion = 17.5.33516.290
MinimumVisualStudioVersion = 10.0.40219.1
Project("{FAE04EC0-301F-11D3-BF4B-00C04F79EFBC}") = "PeliculasAPI", "PeliculasAPI\PeliculasAPI.csproj", "{BC2E985F-A2E2-4AB5-8F89-D5B3BBF5CF22}"
EndProject
Global
	GlobalSection(SolutionConfigurationPlatforms) = preSolution
		Debug|Any CPU = Debug|Any CPU
		Release|Any CPU = Release|Any CPU
	EndGlobalSection
	GlobalSection(ProjectConfigurationPlatforms) = postSolution
		{BC2E985F-A2E2-4AB5-8F89-D5B3BBF5CF22}.Debug|Any CPU.ActiveCfg = Debug|Any CPU
		{BC2E985F-A2E2-4AB5-8F89-D5B3BBF5CF22}.Debug|Any CPU.Build.0 = Debug|Any CPU
		{BC2E985F-A2E2-4AB5-8F89-D5B3BBF5CF22}.Release|Any CPU.ActiveCfg = Release|Any CPU
		{BC2E985F-A2E2-4AB5-8F89-D5B3BBF5CF22}.Release|Any CPU.Build.0 = Release|Any CPU
	EndGlobalSection
	GlobalSection(SolutionProperties) = preSolution
		HideSolutionNode = FALSE
	EndGlobalSection
	GlobalSection(ExtensibilityGlobals) = postSolution
		SolutionGuid = {0BAC3B61-BA0A-4CAA-A520-116857A50B3C}
	EndGlobalSection
EndGlobal
